// !$*UTF8*$!
{
	archiveVersion = 1;
	classes = {
	};
	objectVersion = 46;
	objects = {

/* Begin PBXBuildFile section */
		2E13CC7D1EC2C9AD00787A25 /* AppDelegate.swift in Sources */ = {isa = PBXBuildFile; fileRef = 2E13CC7C1EC2C9AD00787A25 /* AppDelegate.swift */; };
		2E13CC821EC2C9AD00787A25 /* Main.storyboard in Resources */ = {isa = PBXBuildFile; fileRef = 2E13CC801EC2C9AD00787A25 /* Main.storyboard */; };
		2E13CC841EC2C9AD00787A25 /* Assets.xcassets in Resources */ = {isa = PBXBuildFile; fileRef = 2E13CC831EC2C9AD00787A25 /* Assets.xcassets */; };
		2E13CC871EC2C9AD00787A25 /* LaunchScreen.storyboard in Resources */ = {isa = PBXBuildFile; fileRef = 2E13CC851EC2C9AD00787A25 /* LaunchScreen.storyboard */; };
		2E13CC921EC2C9AD00787A25 /* MovieDB_Kiet_13110085Tests.swift in Sources */ = {isa = PBXBuildFile; fileRef = 2E13CC911EC2C9AD00787A25 /* MovieDB_Kiet_13110085Tests.swift */; };
		2E13CC9D1EC2C9AD00787A25 /* MovieDB_Kiet_13110085UITests.swift in Sources */ = {isa = PBXBuildFile; fileRef = 2E13CC9C1EC2C9AD00787A25 /* MovieDB_Kiet_13110085UITests.swift */; };
		2E13CCAC1EC2CA6A00787A25 /* MovieDBTableViewController.swift in Sources */ = {isa = PBXBuildFile; fileRef = 2E13CCAB1EC2CA6A00787A25 /* MovieDBTableViewController.swift */; };
/* End PBXBuildFile section */

/* Begin PBXContainerItemProxy section */
		2E13CC8E1EC2C9AD00787A25 /* PBXContainerItemProxy */ = {
			isa = PBXContainerItemProxy;
			containerPortal = 2E13CC711EC2C9AD00787A25 /* Project object */;
			proxyType = 1;
			remoteGlobalIDString = 2E13CC781EC2C9AD00787A25;
			remoteInfo = MovieDB_Kiet_13110085;
		};
		2E13CC991EC2C9AD00787A25 /* PBXContainerItemProxy */ = {
			isa = PBXContainerItemProxy;
			containerPortal = 2E13CC711EC2C9AD00787A25 /* Project object */;
			proxyType = 1;
			remoteGlobalIDString = 2E13CC781EC2C9AD00787A25;
			remoteInfo = MovieDB_Kiet_13110085;
		};
/* End PBXContainerItemProxy section */

/* Begin PBXFileReference section */
		2E13CC791EC2C9AD00787A25 /* MovieDB_Kiet_13110085.app */ = {isa = PBXFileReference; explicitFileType = wrapper.application; includeInIndex = 0; path = MovieDB_Kiet_13110085.app; sourceTree = BUILT_PRODUCTS_DIR; };
		2E13CC7C1EC2C9AD00787A25 /* AppDelegate.swift */ = {isa = PBXFileReference; lastKnownFileType = sourcecode.swift; path = AppDelegate.swift; sourceTree = "<group>"; };
		2E13CC811EC2C9AD00787A25 /* Base */ = {isa = PBXFileReference; lastKnownFileType = file.storyboard; name = Base; path = Base.lproj/Main.storyboard; sourceTree = "<group>"; };
		2E13CC831EC2C9AD00787A25 /* Assets.xcassets */ = {isa = PBXFileReference; lastKnownFileType = folder.assetcatalog; path = Assets.xcassets; sourceTree = "<group>"; };
		2E13CC861EC2C9AD00787A25 /* Base */ = {isa = PBXFileReference; lastKnownFileType = file.storyboard; name = Base; path = Base.lproj/LaunchScreen.storyboard; sourceTree = "<group>"; };
		2E13CC881EC2C9AD00787A25 /* Info.plist */ = {isa = PBXFileReference; lastKnownFileType = text.plist.xml; path = Info.plist; sourceTree = "<group>"; };
		2E13CC8D1EC2C9AD00787A25 /* MovieDB_Kiet_13110085Tests.xctest */ = {isa = PBXFileReference; explicitFileType = wrapper.cfbundle; includeInIndex = 0; path = MovieDB_Kiet_13110085Tests.xctest; sourceTree = BUILT_PRODUCTS_DIR; };
		2E13CC911EC2C9AD00787A25 /* MovieDB_Kiet_13110085Tests.swift */ = {isa = PBXFileReference; lastKnownFileType = sourcecode.swift; path = MovieDB_Kiet_13110085Tests.swift; sourceTree = "<group>"; };
		2E13CC931EC2C9AD00787A25 /* Info.plist */ = {isa = PBXFileReference; lastKnownFileType = text.plist.xml; path = Info.plist; sourceTree = "<group>"; };
		2E13CC981EC2C9AD00787A25 /* MovieDB_Kiet_13110085UITests.xctest */ = {isa = PBXFileReference; explicitFileType = wrapper.cfbundle; includeInIndex = 0; path = MovieDB_Kiet_13110085UITests.xctest; sourceTree = BUILT_PRODUCTS_DIR; };
		2E13CC9C1EC2C9AD00787A25 /* MovieDB_Kiet_13110085UITests.swift */ = {isa = PBXFileReference; lastKnownFileType = sourcecode.swift; path = MovieDB_Kiet_13110085UITests.swift; sourceTree = "<group>"; };
		2E13CC9E1EC2C9AD00787A25 /* Info.plist */ = {isa = PBXFileReference; lastKnownFileType = text.plist.xml; path = Info.plist; sourceTree = "<group>"; };
		2E13CCAB1EC2CA6A00787A25 /* MovieDBTableViewController.swift */ = {isa = PBXFileReference; fileEncoding = 4; lastKnownFileType = sourcecode.swift; path = MovieDBTableViewController.swift; sourceTree = "<group>"; };
/* End PBXFileReference section */

/* Begin PBXFrameworksBuildPhase section */
		2E13CC761EC2C9AD00787A25 /* Frameworks */ = {
			isa = PBXFrameworksBuildPhase;
			buildActionMask = 2147483647;
			files = (
			);
			runOnlyForDeploymentPostprocessing = 0;
		};
		2E13CC8A1EC2C9AD00787A25 /* Frameworks */ = {
			isa = PBXFrameworksBuildPhase;
			buildActionMask = 2147483647;
			files = (
			);
			runOnlyForDeploymentPostprocessing = 0;
		};
		2E13CC951EC2C9AD00787A25 /* Frameworks */ = {
			isa = PBXFrameworksBuildPhase;
			buildActionMask = 2147483647;
			files = (
			);
			runOnlyForDeploymentPostprocessing = 0;
		};
/* End PBXFrameworksBuildPhase section */

/* Begin PBXGroup section */
		2E13CC701EC2C9AD00787A25 = {
			isa = PBXGroup;
			children = (
				2E13CC7B1EC2C9AD00787A25 /* MovieDB_Kiet_13110085 */,
				2E13CC901EC2C9AD00787A25 /* MovieDB_Kiet_13110085Tests */,
				2E13CC9B1EC2C9AD00787A25 /* MovieDB_Kiet_13110085UITests */,
				2E13CC7A1EC2C9AD00787A25 /* Products */,
			);
			sourceTree = "<group>";
		};
		2E13CC7A1EC2C9AD00787A25 /* Products */ = {
			isa = PBXGroup;
			children = (
				2E13CC791EC2C9AD00787A25 /* MovieDB_Kiet_13110085.app */,
				2E13CC8D1EC2C9AD00787A25 /* MovieDB_Kiet_13110085Tests.xctest */,
				2E13CC981EC2C9AD00787A25 /* MovieDB_Kiet_13110085UITests.xctest */,
			);
			name = Products;
			sourceTree = "<group>";
		};
		2E13CC7B1EC2C9AD00787A25 /* MovieDB_Kiet_13110085 */ = {
			isa = PBXGroup;
			children = (
				2E13CC7C1EC2C9AD00787A25 /* AppDelegate.swift */,
				2E13CCAA1EC2CA3000787A25 /* View */,
				2E13CC831EC2C9AD00787A25 /* Assets.xcassets */,
				2E13CC881EC2C9AD00787A25 /* Info.plist */,
				2E13CCAD1EC2CA6F00787A25 /* Controller */,
			);
			path = MovieDB_Kiet_13110085;
			sourceTree = "<group>";
		};
		2E13CC901EC2C9AD00787A25 /* MovieDB_Kiet_13110085Tests */ = {
			isa = PBXGroup;
			children = (
				2E13CC911EC2C9AD00787A25 /* MovieDB_Kiet_13110085Tests.swift */,
				2E13CC931EC2C9AD00787A25 /* Info.plist */,
			);
			path = MovieDB_Kiet_13110085Tests;
			sourceTree = "<group>";
		};
		2E13CC9B1EC2C9AD00787A25 /* MovieDB_Kiet_13110085UITests */ = {
			isa = PBXGroup;
			children = (
				2E13CC9C1EC2C9AD00787A25 /* MovieDB_Kiet_13110085UITests.swift */,
				2E13CC9E1EC2C9AD00787A25 /* Info.plist */,
			);
			path = MovieDB_Kiet_13110085UITests;
			sourceTree = "<group>";
		};
		2E13CCAA1EC2CA3000787A25 /* View */ = {
			isa = PBXGroup;
			children = (
				2E13CC801EC2C9AD00787A25 /* Main.storyboard */,
				2E13CC851EC2C9AD00787A25 /* LaunchScreen.storyboard */,
			);
			name = View;
			sourceTree = "<group>";
		};
		2E13CCAD1EC2CA6F00787A25 /* Controller */ = {
			isa = PBXGroup;
			children = (
				2E13CCAB1EC2CA6A00787A25 /* MovieDBTableViewController.swift */,
			);
			name = Controller;
			sourceTree = "<group>";
		};
/* End PBXGroup section */

/* Begin PBXNativeTarget section */
		2E13CC781EC2C9AD00787A25 /* MovieDB_Kiet_13110085 */ = {
			isa = PBXNativeTarget;
			buildConfigurationList = 2E13CCA11EC2C9AD00787A25 /* Build configuration list for PBXNativeTarget "MovieDB_Kiet_13110085" */;
			buildPhases = (
				2E13CC751EC2C9AD00787A25 /* Sources */,
				2E13CC761EC2C9AD00787A25 /* Frameworks */,
				2E13CC771EC2C9AD00787A25 /* Resources */,
			);
			buildRules = (
			);
			dependencies = (
			);
			name = MovieDB_Kiet_13110085;
			productName = MovieDB_Kiet_13110085;
			productReference = 2E13CC791EC2C9AD00787A25 /* MovieDB_Kiet_13110085.app */;
			productType = "com.apple.product-type.application";
		};
		2E13CC8C1EC2C9AD00787A25 /* MovieDB_Kiet_13110085Tests */ = {
			isa = PBXNativeTarget;
			buildConfigurationList = 2E13CCA41EC2C9AD00787A25 /* Build configuration list for PBXNativeTarget "MovieDB_Kiet_13110085Tests" */;
			buildPhases = (
				2E13CC891EC2C9AD00787A25 /* Sources */,
				2E13CC8A1EC2C9AD00787A25 /* Frameworks */,
				2E13CC8B1EC2C9AD00787A25 /* Resources */,
			);
			buildRules = (
			);
			dependencies = (
				2E13CC8F1EC2C9AD00787A25 /* PBXTargetDependency */,
			);
			name = MovieDB_Kiet_13110085Tests;
			productName = MovieDB_Kiet_13110085Tests;
			productReference = 2E13CC8D1EC2C9AD00787A25 /* MovieDB_Kiet_13110085Tests.xctest */;
			productType = "com.apple.product-type.bundle.unit-test";
		};
		2E13CC971EC2C9AD00787A25 /* MovieDB_Kiet_13110085UITests */ = {
			isa = PBXNativeTarget;
			buildConfigurationList = 2E13CCA71EC2C9AD00787A25 /* Build configuration list for PBXNativeTarget "MovieDB_Kiet_13110085UITests" */;
			buildPhases = (
				2E13CC941EC2C9AD00787A25 /* Sources */,
				2E13CC951EC2C9AD00787A25 /* Frameworks */,
				2E13CC961EC2C9AD00787A25 /* Resources */,
			);
			buildRules = (
			);
			dependencies = (
				2E13CC9A1EC2C9AD00787A25 /* PBXTargetDependency */,
			);
			name = MovieDB_Kiet_13110085UITests;
			productName = MovieDB_Kiet_13110085UITests;
			productReference = 2E13CC981EC2C9AD00787A25 /* MovieDB_Kiet_13110085UITests.xctest */;
			productType = "com.apple.product-type.bundle.ui-testing";
		};
/* End PBXNativeTarget section */

/* Begin PBXProject section */
		2E13CC711EC2C9AD00787A25 /* Project object */ = {
			isa = PBXProject;
			attributes = {
				LastSwiftUpdateCheck = 0830;
				LastUpgradeCheck = 0830;
				ORGANIZATIONNAME = "Kiet Nguyen";
				TargetAttributes = {
					2E13CC781EC2C9AD00787A25 = {
						CreatedOnToolsVersion = 8.3.2;
						ProvisioningStyle = Automatic;
					};
					2E13CC8C1EC2C9AD00787A25 = {
						CreatedOnToolsVersion = 8.3.2;
						ProvisioningStyle = Automatic;
						TestTargetID = 2E13CC781EC2C9AD00787A25;
					};
					2E13CC971EC2C9AD00787A25 = {
						CreatedOnToolsVersion = 8.3.2;
						ProvisioningStyle = Automatic;
						TestTargetID = 2E13CC781EC2C9AD00787A25;
					};
				};
			};
			buildConfigurationList = 2E13CC741EC2C9AD00787A25 /* Build configuration list for PBXProject "MovieDB_Kiet_13110085" */;
			compatibilityVersion = "Xcode 3.2";
			developmentRegion = English;
			hasScannedForEncodings = 0;
			knownRegions = (
				en,
				Base,
			);
			mainGroup = 2E13CC701EC2C9AD00787A25;
			productRefGroup = 2E13CC7A1EC2C9AD00787A25 /* Products */;
			projectDirPath = "";
			projectRoot = "";
			targets = (
				2E13CC781EC2C9AD00787A25 /* MovieDB_Kiet_13110085 */,
				2E13CC8C1EC2C9AD00787A25 /* MovieDB_Kiet_13110085Tests */,
				2E13CC971EC2C9AD00787A25 /* MovieDB_Kiet_13110085UITests */,
			);
		};
/* End PBXProject section */

/* Begin PBXResourcesBuildPhase section */
		2E13CC771EC2C9AD00787A25 /* Resources */ = {
			isa = PBXResourcesBuildPhase;
			buildActionMask = 2147483647;
			files = (
				2E13CC871EC2C9AD00787A25 /* LaunchScreen.storyboard in Resources */,
				2E13CC841EC2C9AD00787A25 /* Assets.xcassets in Resources */,
				2E13CC821EC2C9AD00787A25 /* Main.storyboard in Resources */,
			);
			runOnlyForDeploymentPostprocessing = 0;
		};
		2E13CC8B1EC2C9AD00787A25 /* Resources */ = {
			isa = PBXResourcesBuildPhase;
			buildActionMask = 2147483647;
			files = (
			);
			runOnlyForDeploymentPostprocessing = 0;
		};
		2E13CC961EC2C9AD00787A25 /* Resources */ = {
			isa = PBXResourcesBuildPhase;
			buildActionMask = 2147483647;
			files = (
			);
			runOnlyForDeploymentPostprocessing = 0;
		};
/* End PBXResourcesBuildPhase section */

/* Begin PBXSourcesBuildPhase section */
		2E13CC751EC2C9AD00787A25 /* Sources */ = {
			isa = PBXSourcesBuildPhase;
			buildActionMask = 2147483647;
			files = (
				2E13CCAC1EC2CA6A00787A25 /* MovieDBTableViewController.swift in Sources */,
				2E13CC7D1EC2C9AD00787A25 /* AppDelegate.swift in Sources */,
			);
			runOnlyForDeploymentPostprocessing = 0;
		};
		2E13CC891EC2C9AD00787A25 /* Sources */ = {
			isa = PBXSourcesBuildPhase;
			buildActionMask = 2147483647;
			files = (
				2E13CC921EC2C9AD00787A25 /* MovieDB_Kiet_13110085Tests.swift in Sources */,
			);
			runOnlyForDeploymentPostprocessing = 0;
		};
		2E13CC941EC2C9AD00787A25 /* Sources */ = {
			isa = PBXSourcesBuildPhase;
			buildActionMask = 2147483647;
			files = (
				2E13CC9D1EC2C9AD00787A25 /* MovieDB_Kiet_13110085UITests.swift in Sources */,
			);
			runOnlyForDeploymentPostprocessing = 0;
		};
/* End PBXSourcesBuildPhase section */

/* Begin PBXTargetDependency section */
		2E13CC8F1EC2C9AD00787A25 /* PBXTargetDependency */ = {
			isa = PBXTargetDependency;
			target = 2E13CC781EC2C9AD00787A25 /* MovieDB_Kiet_13110085 */;
			targetProxy = 2E13CC8E1EC2C9AD00787A25 /* PBXContainerItemProxy */;
		};
		2E13CC9A1EC2C9AD00787A25 /* PBXTargetDependency */ = {
			isa = PBXTargetDependency;
			target = 2E13CC781EC2C9AD00787A25 /* MovieDB_Kiet_13110085 */;
			targetProxy = 2E13CC991EC2C9AD00787A25 /* PBXContainerItemProxy */;
		};
/* End PBXTargetDependency section */

/* Begin PBXVariantGroup section */
		2E13CC801EC2C9AD00787A25 /* Main.storyboard */ = {
			isa = PBXVariantGroup;
			children = (
				2E13CC811EC2C9AD00787A25 /* Base */,
			);
			name = Main.storyboard;
			sourceTree = "<group>";
		};
		2E13CC851EC2C9AD00787A25 /* LaunchScreen.storyboard */ = {
			isa = PBXVariantGroup;
			children = (
				2E13CC861EC2C9AD00787A25 /* Base */,
			);
			name = LaunchScreen.storyboard;
			sourceTree = "<group>";
		};
/* End PBXVariantGroup section */

/* Begin XCBuildConfiguration section */
		2E13CC9F1EC2C9AD00787A25 /* Debug */ = {
			isa = XCBuildConfiguration;
			buildSettings = {
				ALWAYS_SEARCH_USER_PATHS = NO;
				CLANG_ANALYZER_NONNULL = YES;
				CLANG_ANALYZER_NUMBER_OBJECT_CONVERSION = YES_AGGRESSIVE;
				CLANG_CXX_LANGUAGE_STANDARD = "gnu++0x";
				CLANG_CXX_LIBRARY = "libc++";
				CLANG_ENABLE_MODULES = YES;
				CLANG_ENABLE_OBJC_ARC = YES;
				CLANG_WARN_BOOL_CONVERSION = YES;
				CLANG_WARN_CONSTANT_CONVERSION = YES;
				CLANG_WARN_DIRECT_OBJC_ISA_USAGE = YES_ERROR;
				CLANG_WARN_DOCUMENTATION_COMMENTS = YES;
				CLANG_WARN_EMPTY_BODY = YES;
				CLANG_WARN_ENUM_CONVERSION = YES;
				CLANG_WARN_INFINITE_RECURSION = YES;
				CLANG_WARN_INT_CONVERSION = YES;
				CLANG_WARN_OBJC_ROOT_CLASS = YES_ERROR;
				CLANG_WARN_SUSPICIOUS_MOVE = YES;
				CLANG_WARN_UNREACHABLE_CODE = YES;
				CLANG_WARN__DUPLICATE_METHOD_MATCH = YES;
				"CODE_SIGN_IDENTITY[sdk=iphoneos*]" = "iPhone Developer";
				COPY_PHASE_STRIP = NO;
				DEBUG_INFORMATION_FORMAT = dwarf;
				ENABLE_STRICT_OBJC_MSGSEND = YES;
				ENABLE_TESTABILITY = YES;
				GCC_C_LANGUAGE_STANDARD = gnu99;
				GCC_DYNAMIC_NO_PIC = NO;
				GCC_NO_COMMON_BLOCKS = YES;
				GCC_OPTIMIZATION_LEVEL = 0;
				GCC_PREPROCESSOR_DEFINITIONS = (
					"DEBUG=1",
					"$(inherited)",
				);
				GCC_WARN_64_TO_32_BIT_CONVERSION = YES;
				GCC_WARN_ABOUT_RETURN_TYPE = YES_ERROR;
				GCC_WARN_UNDECLARED_SELECTOR = YES;
				GCC_WARN_UNINITIALIZED_AUTOS = YES_AGGRESSIVE;
				GCC_WARN_UNUSED_FUNCTION = YES;
				GCC_WARN_UNUSED_VARIABLE = YES;
				IPHONEOS_DEPLOYMENT_TARGET = 10.3;
				MTL_ENABLE_DEBUG_INFO = YES;
				ONLY_ACTIVE_ARCH = YES;
				SDKROOT = iphoneos;
				SWIFT_ACTIVE_COMPILATION_CONDITIONS = DEBUG;
				SWIFT_OPTIMIZATION_LEVEL = "-Onone";
				TARGETED_DEVICE_FAMILY = "1,2";
			};
			name = Debug;
		};
		2E13CCA01EC2C9AD00787A25 /* Release */ = {
			isa = XCBuildConfiguration;
			buildSettings = {
				ALWAYS_SEARCH_USER_PATHS = NO;
				CLANG_ANALYZER_NONNULL = YES;
				CLANG_ANALYZER_NUMBER_OBJECT_CONVERSION = YES_AGGRESSIVE;
				CLANG_CXX_LANGUAGE_STANDARD = "gnu++0x";
				CLANG_CXX_LIBRARY = "libc++";
				CLANG_ENABLE_MODULES = YES;
				CLANG_ENABLE_OBJC_ARC = YES;
				CLANG_WARN_BOOL_CONVERSION = YES;
				CLANG_WARN_CONSTANT_CONVERSION = YES;
				CLANG_WARN_DIRECT_OBJC_ISA_USAGE = YES_ERROR;
				CLANG_WARN_DOCUMENTATION_COMMENTS = YES;
				CLANG_WARN_EMPTY_BODY = YES;
				CLANG_WARN_ENUM_CONVERSION = YES;
				CLANG_WARN_INFINITE_RECURSION = YES;
				CLANG_WARN_INT_CONVERSION = YES;
				CLANG_WARN_OBJC_ROOT_CLASS = YES_ERROR;
				CLANG_WARN_SUSPICIOUS_MOVE = YES;
				CLANG_WARN_UNREACHABLE_CODE = YES;
				CLANG_WARN__DUPLICATE_METHOD_MATCH = YES;
				"CODE_SIGN_IDENTITY[sdk=iphoneos*]" = "iPhone Developer";
				COPY_PHASE_STRIP = NO;
				DEBUG_INFORMATION_FORMAT = "dwarf-with-dsym";
				ENABLE_NS_ASSERTIONS = NO;
				ENABLE_STRICT_OBJC_MSGSEND = YES;
				GCC_C_LANGUAGE_STANDARD = gnu99;
				GCC_NO_COMMON_BLOCKS = YES;
				GCC_WARN_64_TO_32_BIT_CONVERSION = YES;
				GCC_WARN_ABOUT_RETURN_TYPE = YES_ERROR;
				GCC_WARN_UNDECLARED_SELECTOR = YES;
				GCC_WARN_UNINITIALIZED_AUTOS = YES_AGGRESSIVE;
				GCC_WARN_UNUSED_FUNCTION = YES;
				GCC_WARN_UNUSED_VARIABLE = YES;
				IPHONEOS_DEPLOYMENT_TARGET = 10.3;
				MTL_ENABLE_DEBUG_INFO = NO;
				SDKROOT = iphoneos;
				SWIFT_OPTIMIZATION_LEVEL = "-Owholemodule";
				TARGETED_DEVICE_FAMILY = "1,2";
				VALIDATE_PRODUCT = YES;
			};
			name = Release;
		};
		2E13CCA21EC2C9AD00787A25 /* Debug */ = {
			isa = XCBuildConfiguration;
			buildSettings = {
				ASSETCATALOG_COMPILER_APPICON_NAME = AppIcon;
				INFOPLIST_FILE = MovieDB_Kiet_13110085/Info.plist;
				LD_RUNPATH_SEARCH_PATHS = "$(inherited) @executable_path/Frameworks";
				PRODUCT_BUNDLE_IDENTIFIER = "Group-9---iOSUTE.MovieDB-Kiet-13110085";
				PRODUCT_NAME = "$(TARGET_NAME)";
				SWIFT_VERSION = 3.0;
			};
			name = Debug;
		};
		2E13CCA31EC2C9AD00787A25 /* Release */ = {
			isa = XCBuildConfiguration;
			buildSettings = {
				ASSETCATALOG_COMPILER_APPICON_NAME = AppIcon;
				INFOPLIST_FILE = MovieDB_Kiet_13110085/Info.plist;
				LD_RUNPATH_SEARCH_PATHS = "$(inherited) @executable_path/Frameworks";
				PRODUCT_BUNDLE_IDENTIFIER = "Group-9---iOSUTE.MovieDB-Kiet-13110085";
				PRODUCT_NAME = "$(TARGET_NAME)";
				SWIFT_VERSION = 3.0;
			};
			name = Release;
		};
		2E13CCA51EC2C9AD00787A25 /* Debug */ = {
			isa = XCBuildConfiguration;
			buildSettings = {
				ALWAYS_EMBED_SWIFT_STANDARD_LIBRARIES = YES;
				BUNDLE_LOADER = "$(TEST_HOST)";
				INFOPLIST_FILE = MovieDB_Kiet_13110085Tests/Info.plist;
				LD_RUNPATH_SEARCH_PATHS = "$(inherited) @executable_path/Frameworks @loader_path/Frameworks";
				PRODUCT_BUNDLE_IDENTIFIER = "Group-9---iOSUTE.MovieDB-Kiet-13110085Tests";
				PRODUCT_NAME = "$(TARGET_NAME)";
				SWIFT_VERSION = 3.0;
				TEST_HOST = "$(BUILT_PRODUCTS_DIR)/MovieDB_Kiet_13110085.app/MovieDB_Kiet_13110085";
			};
			name = Debug;
		};
		2E13CCA61EC2C9AD00787A25 /* Release */ = {
			isa = XCBuildConfiguration;
			buildSettings = {
				ALWAYS_EMBED_SWIFT_STANDARD_LIBRARIES = YES;
				BUNDLE_LOADER = "$(TEST_HOST)";
				INFOPLIST_FILE = MovieDB_Kiet_13110085Tests/Info.plist;
				LD_RUNPATH_SEARCH_PATHS = "$(inherited) @executable_path/Frameworks @loader_path/Frameworks";
				PRODUCT_BUNDLE_IDENTIFIER = "Group-9---iOSUTE.MovieDB-Kiet-13110085Tests";
				PRODUCT_NAME = "$(TARGET_NAME)";
				SWIFT_VERSION = 3.0;
				TEST_HOST = "$(BUILT_PRODUCTS_DIR)/MovieDB_Kiet_13110085.app/MovieDB_Kiet_13110085";
			};
			name = Release;
		};
		2E13CCA81EC2C9AD00787A25 /* Debug */ = {
			isa = XCBuildConfiguration;
			buildSettings = {
				ALWAYS_EMBED_SWIFT_STANDARD_LIBRARIES = YES;
				INFOPLIST_FILE = MovieDB_Kiet_13110085UITests/Info.plist;
				LD_RUNPATH_SEARCH_PATHS = "$(inherited) @executable_path/Frameworks @loader_path/Frameworks";
				PRODUCT_BUNDLE_IDENTIFIER = "Group-9---iOSUTE.MovieDB-Kiet-13110085UITests";
				PRODUCT_NAME = "$(TARGET_NAME)";
				SWIFT_VERSION = 3.0;
				TEST_TARGET_NAME = MovieDB_Kiet_13110085;
			};
			name = Debug;
		};
		2E13CCA91EC2C9AD00787A25 /* Release */ = {
			isa = XCBuildConfiguration;
			buildSettings = {
				ALWAYS_EMBED_SWIFT_STANDARD_LIBRARIES = YES;
				INFOPLIST_FILE = MovieDB_Kiet_13110085UITests/Info.plist;
				LD_RUNPATH_SEARCH_PATHS = "$(inherited) @executable_path/Frameworks @loader_path/Frameworks";
				PRODUCT_BUNDLE_IDENTIFIER = "Group-9---iOSUTE.MovieDB-Kiet-13110085UITests";
				PRODUCT_NAME = "$(TARGET_NAME)";
				SWIFT_VERSION = 3.0;
				TEST_TARGET_NAME = MovieDB_Kiet_13110085;
			};
			name = Release;
		};
/* End XCBuildConfiguration section */

/* Begin XCConfigurationList section */
		2E13CC741EC2C9AD00787A25 /* Build configuration list for PBXProject "MovieDB_Kiet_13110085" */ = {
			isa = XCConfigurationList;
			buildConfigurations = (
				2E13CC9F1EC2C9AD00787A25 /* Debug */,
				2E13CCA01EC2C9AD00787A25 /* Release */,
			);
			defaultConfigurationIsVisible = 0;
			defaultConfigurationName = Release;
		};
		2E13CCA11EC2C9AD00787A25 /* Build configuration list for PBXNativeTarget "MovieDB_Kiet_13110085" */ = {
			isa = XCConfigurationList;
			buildConfigurations = (
				2E13CCA21EC2C9AD00787A25 /* Debug */,
				2E13CCA31EC2C9AD00787A25 /* Release */,
			);
			defaultConfigurationIsVisible = 0;
		};
		2E13CCA41EC2C9AD00787A25 /* Build configuration list for PBXNativeTarget "MovieDB_Kiet_13110085Tests" */ = {
			isa = XCConfigurationList;
			buildConfigurations = (
				2E13CCA51EC2C9AD00787A25 /* Debug */,
				2E13CCA61EC2C9AD00787A25 /* Release */,
			);
			defaultConfigurationIsVisible = 0;
		};
		2E13CCA71EC2C9AD00787A25 /* Build configuration list for PBXNativeTarget "MovieDB_Kiet_13110085UITests" */ = {
			isa = XCConfigurationList;
			buildConfigurations = (
				2E13CCA81EC2C9AD00787A25 /* Debug */,
				2E13CCA91EC2C9AD00787A25 /* Release */,
			);
			defaultConfigurationIsVisible = 0;
		};
/* End XCConfigurationList section */
	};
	rootObject = 2E13CC711EC2C9AD00787A25 /* Project object */;
}
